{
  "version": 4,
  "terraform_version": "1.11.4",
  "serial": 7,
  "lineage": "3aebd202-148e-6542-d9fe-5d3f1d3bbce9",
  "outputs": {},
  "resources": [
    {
      "mode": "managed",
      "type": "google_compute_instance",
      "name": "default",
      "provider": "provider[\"registry.terraform.io/hashicorp/google\"]",
      "instances": [
        {
          "schema_version": 6,
          "attributes": {
            "advanced_machine_features": [],
            "allow_stopping_for_update": null,
            "attached_disk": [],
            "boot_disk": [
              {
                "auto_delete": true,
                "device_name": "persistent-disk-0",
                "disk_encryption_key_raw": "",
                "disk_encryption_key_rsa": "",
                "disk_encryption_key_sha256": "",
                "disk_encryption_service_account": "",
                "guest_os_features": [
                  "UEFI_COMPATIBLE",
                  "VIRTIO_SCSI_MULTIQUEUE",
                  "GVNIC"
                ],
                "initialize_params": [
                  {
                    "architecture": "X86_64",
                    "enable_confidential_compute": false,
                    "image": "https://www.googleapis.com/compute/v1/projects/debian-cloud/global/images/debian-11-bullseye-v20250415",
                    "labels": {},
                    "provisioned_iops": 0,
                    "provisioned_throughput": 0,
                    "resource_manager_tags": {},
                    "resource_policies": [],
                    "size": 10,
                    "snapshot": "",
                    "source_image_encryption_key": [],
                    "source_snapshot_encryption_key": [],
                    "storage_pool": "",
                    "type": "pd-standard"
                  }
                ],
                "interface": "",
                "kms_key_self_link": "",
                "mode": "READ_WRITE",
                "source": "https://www.googleapis.com/compute/v1/projects/divine-aegis-454814-k0/zones/us-central1-a/disks/terraform-vm"
              }
            ],
            "can_ip_forward": false,
            "confidential_instance_config": [],
            "cpu_platform": "Intel Broadwell",
            "creation_timestamp": "2025-05-03T06:56:44.289-07:00",
            "current_status": "RUNNING",
            "deletion_protection": false,
            "description": "",
            "desired_status": null,
            "effective_labels": {
              "goog-terraform-provisioned": "true"
            },
            "enable_display": false,
            "guest_accelerator": [],
            "hostname": "",
            "id": "projects/divine-aegis-454814-k0/zones/us-central1-a/instances/terraform-vm",
            "instance_encryption_key": [],
            "instance_id": "7137071931923865205",
            "key_revocation_action_type": "",
            "label_fingerprint": "vezUS-42LLM=",
            "labels": {},
            "machine_type": "e2-medium",
            "metadata": {},
            "metadata_fingerprint": "upIeeQdOV10=",
            "metadata_startup_script": null,
            "min_cpu_platform": "",
            "name": "terraform-vm",
            "network_interface": [
              {
                "access_config": [
                  {
                    "nat_ip": "35.193.58.138",
                    "network_tier": "PREMIUM",
                    "public_ptr_domain_name": ""
                  }
                ],
                "alias_ip_range": [],
                "internal_ipv6_prefix_length": 0,
                "ipv6_access_config": [],
                "ipv6_access_type": "",
                "ipv6_address": "",
                "name": "nic0",
                "network": "https://www.googleapis.com/compute/v1/projects/divine-aegis-454814-k0/global/networks/default",
                "network_attachment": "",
                "network_ip": "10.128.0.2",
                "nic_type": "",
                "queue_count": 0,
                "stack_type": "IPV4_ONLY",
                "subnetwork": "https://www.googleapis.com/compute/v1/projects/divine-aegis-454814-k0/regions/us-central1/subnetworks/default",
                "subnetwork_project": "divine-aegis-454814-k0"
              }
            ],
            "network_performance_config": [],
            "params": [],
            "project": "divine-aegis-454814-k0",
            "reservation_affinity": [],
            "resource_policies": [],
            "scheduling": [
              {
                "automatic_restart": true,
                "availability_domain": 0,
                "instance_termination_action": "",
                "local_ssd_recovery_timeout": [],
                "max_run_duration": [],
                "min_node_cpus": 0,
                "node_affinities": [],
                "on_host_maintenance": "MIGRATE",
                "on_instance_stop_action": [],
                "preemptible": false,
                "provisioning_model": "STANDARD",
                "termination_time": ""
              }
            ],
            "scratch_disk": [],
            "self_link": "https://www.googleapis.com/compute/v1/projects/divine-aegis-454814-k0/zones/us-central1-a/instances/terraform-vm",
            "service_account": [],
            "shielded_instance_config": [
              {
                "enable_integrity_monitoring": true,
                "enable_secure_boot": false,
                "enable_vtpm": true
              }
            ],
            "tags": [],
            "tags_fingerprint": "42WmSpB8rSM=",
            "terraform_labels": {
              "goog-terraform-provisioned": "true"
            },
            "timeouts": null,
            "zone": "us-central1-a"
          },
          "sensitive_attributes": [
            [
              {
                "type": "get_attr",
                "value": "boot_disk"
              },
              {
                "type": "index",
                "value": {
                  "value": 0,
                  "type": "number"
                }
              },
              {
                "type": "get_attr",
                "value": "disk_encryption_key_rsa"
              }
            ],
            [
              {
                "type": "get_attr",
                "value": "boot_disk"
              },
              {
                "type": "index",
                "value": {
                  "value": 0,
                  "type": "number"
                }
              },
              {
                "type": "get_attr",
                "value": "disk_encryption_key_raw"
              }
            ]
          ],
          "private": "eyJlMmJmYjczMC1lY2FhLTExZTYtOGY4OC0zNDM2M2JjN2M0YzAiOnsiY3JlYXRlIjoxMjAwMDAwMDAwMDAwLCJkZWxldGUiOjEyMDAwMDAwMDAwMDAsInVwZGF0ZSI6MTIwMDAwMDAwMDAwMH0sInNjaGVtYV92ZXJzaW9uIjoiNiJ9"
        }
      ]
    },
    {
      "mode": "managed",
      "type": "google_monitoring_alert_policy",
      "name": "high_cpu_usage",
      "provider": "provider[\"registry.terraform.io/hashicorp/google\"]",
      "instances": [
        {
          "schema_version": 0,
          "attributes": {
            "alert_strategy": [],
            "combiner": "OR",
            "conditions": [
              {
                "condition_absent": [],
                "condition_matched_log": [],
                "condition_monitoring_query_language": [],
                "condition_prometheus_query_language": [],
                "condition_sql": [],
                "condition_threshold": [
                  {
                    "aggregations": [
                      {
                        "alignment_period": "60s",
                        "cross_series_reducer": "",
                        "group_by_fields": [],
                        "per_series_aligner": "ALIGN_MEAN"
                      }
                    ],
                    "comparison": "COMPARISON_GT",
                    "denominator_aggregations": [],
                    "denominator_filter": "",
                    "duration": "60s",
                    "evaluation_missing_data": "",
                    "filter": "metric.type=\"compute.googleapis.com/instance/cpu/utilization\" AND resource.type=\"gce_instance\"",
                    "forecast_options": [],
                    "threshold_value": 0.8,
                    "trigger": []
                  }
                ],
                "display_name": "VM CPU usage exceeds 80%",
                "name": "projects/divine-aegis-454814-k0/alertPolicies/3198453321801398618/conditions/3198453321801397377"
              }
            ],
            "creation_record": [
              {
                "mutate_time": "2025-05-03T14:06:55.167349413Z",
                "mutated_by": "terraform-sa@divine-aegis-454814-k0.iam.gserviceaccount.com"
              }
            ],
            "display_name": "High CPU Usage Alert",
            "documentation": [
              {
                "content": "CPU usage is above 80% for the past 1 minute.",
                "links": [],
                "mime_type": "text/markdown",
                "subject": ""
              }
            ],
            "enabled": true,
            "id": "projects/divine-aegis-454814-k0/alertPolicies/3198453321801398618",
            "name": "projects/divine-aegis-454814-k0/alertPolicies/3198453321801398618",
            "notification_channels": [
              "projects/divine-aegis-454814-k0/notificationChannels/9189524278219543489"
            ],
            "project": "divine-aegis-454814-k0",
            "severity": "",
            "timeouts": null,
            "user_labels": {
              "environment": "production"
            }
          },
          "sensitive_attributes": [],
          "private": "eyJlMmJmYjczMC1lY2FhLTExZTYtOGY4OC0zNDM2M2JjN2M0YzAiOnsiY3JlYXRlIjoxMjAwMDAwMDAwMDAwLCJkZWxldGUiOjEyMDAwMDAwMDAwMDAsInVwZGF0ZSI6MTIwMDAwMDAwMDAwMH19",
          "dependencies": [
            "google_monitoring_notification_channel.email_alert"
          ]
        }
      ]
    },
    {
      "mode": "managed",
      "type": "google_monitoring_notification_channel",
      "name": "email_alert",
      "provider": "provider[\"registry.terraform.io/hashicorp/google\"]",
      "instances": [
        {
          "schema_version": 0,
          "attributes": {
            "description": "",
            "display_name": "Email Alerts",
            "enabled": true,
            "force_delete": false,
            "id": "projects/divine-aegis-454814-k0/notificationChannels/9189524278219543489",
            "labels": {
              "email_address": "harinimurugesan23@gmail.com"
            },
            "name": "projects/divine-aegis-454814-k0/notificationChannels/9189524278219543489",
            "project": "divine-aegis-454814-k0",
            "sensitive_labels": [],
            "timeouts": null,
            "type": "email",
            "user_labels": {},
            "verification_status": ""
          },
          "sensitive_attributes": [],
          "private": "eyJlMmJmYjczMC1lY2FhLTExZTYtOGY4OC0zNDM2M2JjN2M0YzAiOnsiY3JlYXRlIjoxMjAwMDAwMDAwMDAwLCJkZWxldGUiOjEyMDAwMDAwMDAwMDAsInVwZGF0ZSI6MTIwMDAwMDAwMDAwMH19"
        }
      ]
    }
  ],
  "check_results": null
}
